// !$*UTF8*$!
{
	archiveVersion = 1;
	classes = {
	};
	objectVersion = 50;
	objects = {

/* Begin PBXBuildFile section */
		3014B76DA2BAE06A5B87608B /* Pods_ExchangeCurrencyApp.framework in Frameworks */ = {isa = PBXBuildFile; fileRef = CC6C1947B46C398FF0F1589C /* Pods_ExchangeCurrencyApp.framework */; };
		B3F93F4423EE0CFA000AD520 /* AppDelegate.swift in Sources */ = {isa = PBXBuildFile; fileRef = B3F93F4323EE0CFA000AD520 /* AppDelegate.swift */; };
		B3F93F4623EE0CFA000AD520 /* SceneDelegate.swift in Sources */ = {isa = PBXBuildFile; fileRef = B3F93F4523EE0CFA000AD520 /* SceneDelegate.swift */; };
		B3F93F4823EE0CFA000AD520 /* ViewController.swift in Sources */ = {isa = PBXBuildFile; fileRef = B3F93F4723EE0CFA000AD520 /* ViewController.swift */; };
		B3F93F4B23EE0CFA000AD520 /* Main.storyboard in Resources */ = {isa = PBXBuildFile; fileRef = B3F93F4923EE0CFA000AD520 /* Main.storyboard */; };
		B3F93F4D23EE0CFB000AD520 /* Assets.xcassets in Resources */ = {isa = PBXBuildFile; fileRef = B3F93F4C23EE0CFB000AD520 /* Assets.xcassets */; };
		B3F93F5023EE0CFB000AD520 /* LaunchScreen.storyboard in Resources */ = {isa = PBXBuildFile; fileRef = B3F93F4E23EE0CFB000AD520 /* LaunchScreen.storyboard */; };
/* End PBXBuildFile section */

/* Begin PBXFileReference section */
		9A2371A9CEDCD15B2F8E3BED /* Pods-ExchangeCurrencyApp.debug.xcconfig */ = {isa = PBXFileReference; includeInIndex = 1; lastKnownFileType = text.xcconfig; name = "Pods-ExchangeCurrencyApp.debug.xcconfig"; path = "Target Support Files/Pods-ExchangeCurrencyApp/Pods-ExchangeCurrencyApp.debug.xcconfig"; sourceTree = "<group>"; };
		B3F93F4023EE0CFA000AD520 /* ExchangeCurrencyApp.app */ = {isa = PBXFileReference; explicitFileType = wrapper.application; includeInIndex = 0; path = ExchangeCurrencyApp.app; sourceTree = BUILT_PRODUCTS_DIR; };
		B3F93F4323EE0CFA000AD520 /* AppDelegate.swift */ = {isa = PBXFileReference; lastKnownFileType = sourcecode.swift; path = AppDelegate.swift; sourceTree = "<group>"; };
		B3F93F4523EE0CFA000AD520 /* SceneDelegate.swift */ = {isa = PBXFileReference; lastKnownFileType = sourcecode.swift; path = SceneDelegate.swift; sourceTree = "<group>"; };
		B3F93F4723EE0CFA000AD520 /* ViewController.swift */ = {isa = PBXFileReference; lastKnownFileType = sourcecode.swift; path = ViewController.swift; sourceTree = "<group>"; };
		B3F93F4A23EE0CFA000AD520 /* Base */ = {isa = PBXFileReference; lastKnownFileType = file.storyboard; name = Base; path = Base.lproj/Main.storyboard; sourceTree = "<group>"; };
		B3F93F4C23EE0CFB000AD520 /* Assets.xcassets */ = {isa = PBXFileReference; lastKnownFileType = folder.assetcatalog; path = Assets.xcassets; sourceTree = "<group>"; };
		B3F93F4F23EE0CFB000AD520 /* Base */ = {isa = PBXFileReference; lastKnownFileType = file.storyboard; name = Base; path = Base.lproj/LaunchScreen.storyboard; sourceTree = "<group>"; };
		B3F93F5123EE0CFB000AD520 /* Info.plist */ = {isa = PBXFileReference; lastKnownFileType = text.plist.xml; path = Info.plist; sourceTree = "<group>"; };
		CC6C1947B46C398FF0F1589C /* Pods_ExchangeCurrencyApp.framework */ = {isa = PBXFileReference; explicitFileType = wrapper.framework; includeInIndex = 0; path = Pods_ExchangeCurrencyApp.framework; sourceTree = BUILT_PRODUCTS_DIR; };
		D37AE21A4F6E0AB0B6B3C426 /* Pods-ExchangeCurrencyApp.release.xcconfig */ = {isa = PBXFileReference; includeInIndex = 1; lastKnownFileType = text.xcconfig; name = "Pods-ExchangeCurrencyApp.release.xcconfig"; path = "Target Support Files/Pods-ExchangeCurrencyApp/Pods-ExchangeCurrencyApp.release.xcconfig"; sourceTree = "<group>"; };
/* End PBXFileReference section */

/* Begin PBXFrameworksBuildPhase section */
		B3F93F3D23EE0CFA000AD520 /* Frameworks */ = {
			isa = PBXFrameworksBuildPhase;
			buildActionMask = 2147483647;
			files = (
				3014B76DA2BAE06A5B87608B /* Pods_ExchangeCurrencyApp.framework in Frameworks */,
			);
			runOnlyForDeploymentPostprocessing = 0;
		};
/* End PBXFrameworksBuildPhase section */

/* Begin PBXGroup section */
		7FC07D1AE019D419CD9B0424 /* Frameworks */ = {
			isa = PBXGroup;
			children = (
				CC6C1947B46C398FF0F1589C /* Pods_ExchangeCurrencyApp.framework */,
			);
			name = Frameworks;
			sourceTree = "<group>";
		};
		9EAFD799A51232CB67EE1E7E /* Pods */ = {
			isa = PBXGroup;
			children = (
				9A2371A9CEDCD15B2F8E3BED /* Pods-ExchangeCurrencyApp.debug.xcconfig */,
				D37AE21A4F6E0AB0B6B3C426 /* Pods-ExchangeCurrencyApp.release.xcconfig */,
			);
			name = Pods;
			path = Pods;
			sourceTree = "<group>";
		};
		B3F93F3723EE0CFA000AD520 = {
			isa = PBXGroup;
			children = (
				B3F93F4223EE0CFA000AD520 /* ExchangeCurrencyApp */,
				B3F93F4123EE0CFA000AD520 /* Products */,
				9EAFD799A51232CB67EE1E7E /* Pods */,
				7FC07D1AE019D419CD9B0424 /* Frameworks */,
			);
			sourceTree = "<group>";
		};
		B3F93F4123EE0CFA000AD520 /* Products */ = {
			isa = PBXGroup;
			children = (
				B3F93F4023EE0CFA000AD520 /* ExchangeCurrencyApp.app */,
			);
			name = Products;
			sourceTree = "<group>";
		};
		B3F93F4223EE0CFA000AD520 /* ExchangeCurrencyApp */ = {
			isa = PBXGroup;
			children = (
				B3F93F4323EE0CFA000AD520 /* AppDelegate.swift */,
				B3F93F4523EE0CFA000AD520 /* SceneDelegate.swift */,
				B3F93F4723EE0CFA000AD520 /* ViewController.swift */,
				B3F93F4923EE0CFA000AD520 /* Main.storyboard */,
				B3F93F4C23EE0CFB000AD520 /* Assets.xcassets */,
				B3F93F4E23EE0CFB000AD520 /* LaunchScreen.storyboard */,
				B3F93F5123EE0CFB000AD520 /* Info.plist */,
			);
			path = ExchangeCurrencyApp;
			sourceTree = "<group>";
		};
/* End PBXGroup section */

/* Begin PBXNativeTarget section */
		B3F93F3F23EE0CFA000AD520 /* ExchangeCurrencyApp */ = {
			isa = PBXNativeTarget;
			buildConfigurationList = B3F93F5423EE0CFB000AD520 /* Build configuration list for PBXNativeTarget "ExchangeCurrencyApp" */;
			buildPhases = (
				CE5A8E2ABD0C1A3DE0C95349 /* [CP] Check Pods Manifest.lock */,
				B3F93F3C23EE0CFA000AD520 /* Sources */,
				B3F93F3D23EE0CFA000AD520 /* Frameworks */,
				B3F93F3E23EE0CFA000AD520 /* Resources */,
				F1F6130A2F10570E60638A39 /* [CP] Embed Pods Frameworks */,
			);
			buildRules = (
			);
			dependencies = (
			);
			name = ExchangeCurrencyApp;
			productName = ExchangeCurrencyApp;
			productReference = B3F93F4023EE0CFA000AD520 /* ExchangeCurrencyApp.app */;
			productType = "com.apple.product-type.application";
		};
/* End PBXNativeTarget section */

/* Begin PBXProject section */
		B3F93F3823EE0CFA000AD520 /* Project object */ = {
			isa = PBXProject;
			attributes = {
				LastSwiftUpdateCheck = 1130;
				LastUpgradeCheck = 1130;
				ORGANIZATIONNAME = "xinrui wang";
				TargetAttributes = {
					B3F93F3F23EE0CFA000AD520 = {
						CreatedOnToolsVersion = 11.3.1;
					};
				};
			};
			buildConfigurationList = B3F93F3B23EE0CFA000AD520 /* Build configuration list for PBXProject "ExchangeCurrencyApp" */;
			compatibilityVersion = "Xcode 9.3";
			developmentRegion = en;
			hasScannedForEncodings = 0;
			knownRegions = (
				en,
				Base,
			);
			mainGroup = B3F93F3723EE0CFA000AD520;
			productRefGroup = B3F93F4123EE0CFA000AD520 /* Products */;
			projectDirPath = "";
			projectRoot = "";
			targets = (
				B3F93F3F23EE0CFA000AD520 /* ExchangeCurrencyApp */,
			);
		};
/* End PBXProject section */

/* Begin PBXResourcesBuildPhase section */
		B3F93F3E23EE0CFA000AD520 /* Resources */ = {
			isa = PBXResourcesBuildPhase;
			buildActionMask = 2147483647;
			files = (
				B3F93F5023EE0CFB000AD520 /* LaunchScreen.storyboard in Resources */,
				B3F93F4D23EE0CFB000AD520 /* Assets.xcassets in Resources */,
				B3F93F4B23EE0CFA000AD520 /* Main.storyboard in Resources */,
			);
			runOnlyForDeploymentPostprocessing = 0;
		};
/* End PBXResourcesBuildPhase section */

/* Begin PBXShellScriptBuildPhase section */
		CE5A8E2ABD0C1A3DE0C95349 /* [CP] Check Pods Manifest.lock */ = {
			isa = PBXShellScriptBuildPhase;
			buildActionMask = 2147483647;
			files = (
			);
			inputFileListPaths = (
			);
			inputPaths = (
				"${PODS_PODFILE_DIR_PATH}/Podfile.lock",
				"${PODS_ROOT}/Manifest.lock",
			);
			name = "[CP] Check Pods Manifest.lock";
			outputFileListPaths = (
			);
			outputPaths = (
				"$(DERIVED_FILE_DIR)/Pods-ExchangeCurrencyApp-checkManifestLockResult.txt",
			);
			runOnlyForDeploymentPostprocessing = 0;
			shellPath = /bin/sh;
			shellScript = "diff \"${PODS_PODFILE_DIR_PATH}/Podfile.lock\" \"${PODS_ROOT}/Manifest.lock\" > /dev/null\nif [ $? != 0 ] ; then\n    # print error to STDERR\n    echo \"error: The sandbox is not in sync with the Podfile.lock. Run 'pod install' or update your CocoaPods installation.\" >&2\n    exit 1\nfi\n# This output is used by Xcode 'outputs' to avoid re-running this script phase.\necho \"SUCCESS\" > \"${SCRIPT_OUTPUT_FILE_0}\"\n";
			showEnvVarsInLog = 0;
		};
		F1F6130A2F10570E60638A39 /* [CP] Embed Pods Frameworks */ = {
			isa = PBXShellScriptBuildPhase;
			buildActionMask = 2147483647;
			files = (
			);
			inputFileListPaths = (
				"${PODS_ROOT}/Target Support Files/Pods-ExchangeCurrencyApp/Pods-ExchangeCurrencyApp-frameworks-${CONFIGURATION}-input-files.xcfilelist",
			);
			name = "[CP] Embed Pods Frameworks";
			outputFileListPaths = (
				"${PODS_ROOT}/Target Support Files/Pods-ExchangeCurrencyApp/Pods-ExchangeCurrencyApp-frameworks-${CONFIGURATION}-output-files.xcfilelist",
			);
			runOnlyForDeploymentPostprocessing = 0;
			shellPath = /bin/sh;
			shellScript = "\"${PODS_ROOT}/Target Support Files/Pods-ExchangeCurrencyApp/Pods-ExchangeCurrencyApp-frameworks.sh\"\n";
			showEnvVarsInLog = 0;
		};
/* End PBXShellScriptBuildPhase section */

/* Begin PBXSourcesBuildPhase section */
		B3F93F3C23EE0CFA000AD520 /* Sources */ = {
			isa = PBXSourcesBuildPhase;
			buildActionMask = 2147483647;
			files = (
				B3F93F4823EE0CFA000AD520 /* ViewController.swift in Sources */,
				B3F93F4423EE0CFA000AD520 /* AppDelegate.swift in Sources */,
				B3F93F4623EE0CFA000AD520 /* SceneDelegate.swift in Sources */,
			);
			runOnlyForDeploymentPostprocessing = 0;
		};
/* End PBXSourcesBuildPhase section */

/* Begin PBXVariantGroup section */
		B3F93F4923EE0CFA000AD520 /* Main.storyboard */ = {
			isa = PBXVariantGroup;
			children = (
				B3F93F4A23EE0CFA000AD520 /* Base */,
			);
			name = Main.storyboard;
			sourceTree = "<group>";
		};
		B3F93F4E23EE0CFB000AD520 /* LaunchScreen.storyboard */ = {
			isa = PBXVariantGroup;
			children = (
				B3F93F4F23EE0CFB000AD520 /* Base */,
			);
			name = LaunchScreen.storyboard;
			sourceTree = "<group>";
		};
/* End PBXVariantGroup section */

/* Begin XCBuildConfiguration section */
		B3F93F5223EE0CFB000AD520 /* Debug */ = {
			isa = XCBuildConfiguration;
			buildSettings = {
				ALWAYS_SEARCH_USER_PATHS = NO;
				CLANG_ANALYZER_NONNULL = YES;
				CLANG_ANALYZER_NUMBER_OBJECT_CONVERSION = YES_AGGRESSIVE;
				CLANG_CXX_LANGUAGE_STANDARD = "gnu++14";
				CLANG_CXX_LIBRARY = "libc++";
				CLANG_ENABLE_MODULES = YES;
				CLANG_ENABLE_OBJC_ARC = YES;
				CLANG_ENABLE_OBJC_WEAK = YES;
				CLANG_WARN_BLOCK_CAPTURE_AUTORELEASING = YES;
				CLANG_WARN_BOOL_CONVERSION = YES;
				CLANG_WARN_COMMA = YES;
				CLANG_WARN_CONSTANT_CONVERSION = YES;
				CLANG_WARN_DEPRECATED_OBJC_IMPLEMENTATIONS = YES;
				CLANG_WARN_DIRECT_OBJC_ISA_USAGE = YES_ERROR;
				CLANG_WARN_DOCUMENTATION_COMMENTS = YES;
				CLANG_WARN_EMPTY_BODY = YES;
				CLANG_WARN_ENUM_CONVERSION = YES;
				CLANG_WARN_INFINITE_RECURSION = YES;
				CLANG_WARN_INT_CONVERSION = YES;
				CLANG_WARN_NON_LITERAL_NULL_CONVERSION = YES;
				CLANG_WARN_OBJC_IMPLICIT_RETAIN_SELF = YES;
				CLANG_WARN_OBJC_LITERAL_CONVERSION = YES;
				CLANG_WARN_OBJC_ROOT_CLASS = YES_ERROR;
				CLANG_WARN_RANGE_LOOP_ANALYSIS = YES;
				CLANG_WARN_STRICT_PROTOTYPES = YES;
				CLANG_WARN_SUSPICIOUS_MOVE = YES;
				CLANG_WARN_UNGUARDED_AVAILABILITY = YES_AGGRESSIVE;
				CLANG_WARN_UNREACHABLE_CODE = YES;
				CLANG_WARN__DUPLICATE_METHOD_MATCH = YES;
				COPY_PHASE_STRIP = NO;
				DEBUG_INFORMATION_FORMAT = dwarf;
				ENABLE_STRICT_OBJC_MSGSEND = YES;
				ENABLE_TESTABILITY = YES;
				GCC_C_LANGUAGE_STANDARD = gnu11;
				GCC_DYNAMIC_NO_PIC = NO;
				GCC_NO_COMMON_BLOCKS = YES;
				GCC_OPTIMIZATION_LEVEL = 0;
				GCC_PREPROCESSOR_DEFINITIONS = (
					"DEBUG=1",
					"$(inherited)",
				);
				GCC_WARN_64_TO_32_BIT_CONVERSION = YES;
				GCC_WARN_ABOUT_RETURN_TYPE = YES_ERROR;
				GCC_WARN_UNDECLARED_SELECTOR = YES;
				GCC_WARN_UNINITIALIZED_AUTOS = YES_AGGRESSIVE;
				GCC_WARN_UNUSED_FUNCTION = YES;
				GCC_WARN_UNUSED_VARIABLE = YES;
				IPHONEOS_DEPLOYMENT_TARGET = 13.2;
				MTL_ENABLE_DEBUG_INFO = INCLUDE_SOURCE;
				MTL_FAST_MATH = YES;
				ONLY_ACTIVE_ARCH = YES;
				SDKROOT = iphoneos;
				SWIFT_ACTIVE_COMPILATION_CONDITIONS = DEBUG;
				SWIFT_OPTIMIZATION_LEVEL = "-Onone";
			};
			name = Debug;
		};
		B3F93F5323EE0CFB000AD520 /* Release */ = {
			isa = XCBuildConfiguration;
			buildSettings = {
				ALWAYS_SEARCH_USER_PATHS = NO;
				CLANG_ANALYZER_NONNULL = YES;
				CLANG_ANALYZER_NUMBER_OBJECT_CONVERSION = YES_AGGRESSIVE;
				CLANG_CXX_LANGUAGE_STANDARD = "gnu++14";
				CLANG_CXX_LIBRARY = "libc++";
				CLANG_ENABLE_MODULES = YES;
				CLANG_ENABLE_OBJC_ARC = YES;
				CLANG_ENABLE_OBJC_WEAK = YES;
				CLANG_WARN_BLOCK_CAPTURE_AUTORELEASING = YES;
				CLANG_WARN_BOOL_CONVERSION = YES;
				CLANG_WARN_COMMA = YES;
				CLANG_WARN_CONSTANT_CONVERSION = YES;
				CLANG_WARN_DEPRECATED_OBJC_IMPLEMENTATIONS = YES;
				CLANG_WARN_DIRECT_OBJC_ISA_USAGE = YES_ERROR;
				CLANG_WARN_DOCUMENTATION_COMMENTS = YES;
				CLANG_WARN_EMPTY_BODY = YES;
				CLANG_WARN_ENUM_CONVERSION = YES;
				CLANG_WARN_INFINITE_RECURSION = YES;
				CLANG_WARN_INT_CONVERSION = YES;
				CLANG_WARN_NON_LITERAL_NULL_CONVERSION = YES;
				CLANG_WARN_OBJC_IMPLICIT_RETAIN_SELF = YES;
				CLANG_WARN_OBJC_LITERAL_CONVERSION = YES;
				CLANG_WARN_OBJC_ROOT_CLASS = YES_ERROR;
				CLANG_WARN_RANGE_LOOP_ANALYSIS = YES;
				CLANG_WARN_STRICT_PROTOTYPES = YES;
				CLANG_WARN_SUSPICIOUS_MOVE = YES;
				CLANG_WARN_UNGUARDED_AVAILABILITY = YES_AGGRESSIVE;
				CLANG_WARN_UNREACHABLE_CODE = YES;
				CLANG_WARN__DUPLICATE_METHOD_MATCH = YES;
				COPY_PHASE_STRIP = NO;
				DEBUG_INFORMATION_FORMAT = "dwarf-with-dsym";
				ENABLE_NS_ASSERTIONS = NO;
				ENABLE_STRICT_OBJC_MSGSEND = YES;
				GCC_C_LANGUAGE_STANDARD = gnu11;
				GCC_NO_COMMON_BLOCKS = YES;
				GCC_WARN_64_TO_32_BIT_CONVERSION = YES;
				GCC_WARN_ABOUT_RETURN_TYPE = YES_ERROR;
				GCC_WARN_UNDECLARED_SELECTOR = YES;
				GCC_WARN_UNINITIALIZED_AUTOS = YES_AGGRESSIVE;
				GCC_WARN_UNUSED_FUNCTION = YES;
				GCC_WARN_UNUSED_VARIABLE = YES;
				IPHONEOS_DEPLOYMENT_TARGET = 13.2;
				MTL_ENABLE_DEBUG_INFO = NO;
				MTL_FAST_MATH = YES;
				SDKROOT = iphoneos;
				SWIFT_COMPILATION_MODE = wholemodule;
				SWIFT_OPTIMIZATION_LEVEL = "-O";
				VALIDATE_PRODUCT = YES;
			};
			name = Release;
		};
		B3F93F5523EE0CFB000AD520 /* Debug */ = {
			isa = XCBuildConfiguration;
			baseConfigurationReference = 9A2371A9CEDCD15B2F8E3BED /* Pods-ExchangeCurrencyApp.debug.xcconfig */;
			buildSettings = {
				ASSETCATALOG_COMPILER_APPICON_NAME = AppIcon;
				CODE_SIGN_STYLE = Automatic;
				INFOPLIST_FILE = ExchangeCurrencyApp/Info.plist;
				LD_RUNPATH_SEARCH_PATHS = (
					"$(inherited)",
					"@executable_path/Frameworks",
				);
				PRODUCT_BUNDLE_IDENTIFIER = "edu.Northeastern.Xinrui-Wang.ExchangeCurrencyApp";
				PRODUCT_NAME = "$(TARGET_NAME)";
				SWIFT_VERSION = 5.0;
				TARGETED_DEVICE_FAMILY = "1,2";
			};
			name = Debug;
		};
		B3F93F5623EE0CFB000AD520 /* Release */ = {
			isa = XCBuildConfiguration;
			baseConfigurationReference = D37AE21A4F6E0AB0B6B3C426 /* Pods-ExchangeCurrencyApp.release.xcconfig */;
			buildSettings = {
				ASSETCATALOG_COMPILER_APPICON_NAME = AppIcon;
				CODE_SIGN_STYLE = Automatic;
				INFOPLIST_FILE = ExchangeCurrencyApp/Info.plist;
				LD_RUNPATH_SEARCH_PATHS = (
					"$(inherited)",
					"@executable_path/Frameworks",
				);
				PRODUCT_BUNDLE_IDENTIFIER = "edu.Northeastern.Xinrui-Wang.ExchangeCurrencyApp";
				PRODUCT_NAME = "$(TARGET_NAME)";
				SWIFT_VERSION = 5.0;
				TARGETED_DEVICE_FAMILY = "1,2";
			};
			name = Release;
		};
/* End XCBuildConfiguration section */

/* Begin XCConfigurationList section */
		B3F93F3B23EE0CFA000AD520 /* Build configuration list for PBXProject "ExchangeCurrencyApp" */ = {
			isa = XCConfigurationList;
			buildConfigurations = (
				B3F93F5223EE0CFB000AD520 /* Debug */,
				B3F93F5323EE0CFB000AD520 /* Release */,
			);
			defaultConfigurationIsVisible = 0;
			defaultConfigurationName = Release;
		};
		B3F93F5423EE0CFB000AD520 /* Build configuration list for PBXNativeTarget "ExchangeCurrencyApp" */ = {
			isa = XCConfigurationList;
			buildConfigurations = (
				B3F93F5523EE0CFB000AD520 /* Debug */,
				B3F93F5623EE0CFB000AD520 /* Release */,
			);
			defaultConfigurationIsVisible = 0;
			defaultConfigurationName = Release;
		};
/* End XCConfigurationList section */
	};
	rootObject = B3F93F3823EE0CFA000AD520 /* Project object */;
}
